
Microsoft Visual Studio Solution File, Format Version 12.00
# Visual Studio Version 16
VisualStudioVersion = 16.0.31911.196
MinimumVisualStudioVersion = 10.0.40219.1
Project("{FAE04EC0-301F-11D3-BF4B-00C04F79EFBC}") = "bts.Services", "bts.Services\bts.Services.csproj", "{40C63FE7-D645-44B3-B788-57A8F90355B9}"
EndProject
Project("{FAE04EC0-301F-11D3-BF4B-00C04F79EFBC}") = "bts.Models", "bts.Models\bts.Models.csproj", "{A96F1DE8-A156-49B3-9D3E-0EF74188170F}"
EndProject
Project("{FAE04EC0-301F-11D3-BF4B-00C04F79EFBC}") = "bts.WebApi", "bts.WebApi\bts.WebApi.csproj", "{68423E29-EEF2-4F51-A2AF-408729702A4B}"
EndProject
Project("{FAE04EC0-301F-11D3-BF4B-00C04F79EFBC}") = "bts.utitlity", "bts.utitlity\bts.utitlity.csproj", "{74C2A2D8-7FDD-4856-8FF5-6FE779800BC4}"
EndProject
Project("{FAE04EC0-301F-11D3-BF4B-00C04F79EFBC}") = "bts.Infrastructure", "bts.Infrastructure\bts.Infrastructure.csproj", "{861892DD-8B2F-49FA-839D-B08D7386C44B}"
EndProject
Global
	GlobalSection(SolutionConfigurationPlatforms) = preSolution
		Debug|Any CPU = Debug|Any CPU
		Release|Any CPU = Release|Any CPU
	EndGlobalSection
	GlobalSection(ProjectConfigurationPlatforms) = postSolution
		{40C63FE7-D645-44B3-B788-57A8F90355B9}.Debug|Any CPU.ActiveCfg = Debug|Any CPU
		{40C63FE7-D645-44B3-B788-57A8F90355B9}.Debug|Any CPU.Build.0 = Debug|Any CPU
		{40C63FE7-D645-44B3-B788-57A8F90355B9}.Release|Any CPU.ActiveCfg = Release|Any CPU
		{40C63FE7-D645-44B3-B788-57A8F90355B9}.Release|Any CPU.Build.0 = Release|Any CPU
		{A96F1DE8-A156-49B3-9D3E-0EF74188170F}.Debug|Any CPU.ActiveCfg = Debug|Any CPU
		{A96F1DE8-A156-49B3-9D3E-0EF74188170F}.Debug|Any CPU.Build.0 = Debug|Any CPU
		{A96F1DE8-A156-49B3-9D3E-0EF74188170F}.Release|Any CPU.ActiveCfg = Release|Any CPU
		{A96F1DE8-A156-49B3-9D3E-0EF74188170F}.Release|Any CPU.Build.0 = Release|Any CPU
		{68423E29-EEF2-4F51-A2AF-408729702A4B}.Debug|Any CPU.ActiveCfg = Debug|Any CPU
		{68423E29-EEF2-4F51-A2AF-408729702A4B}.Debug|Any CPU.Build.0 = Debug|Any CPU
		{68423E29-EEF2-4F51-A2AF-408729702A4B}.Release|Any CPU.ActiveCfg = Release|Any CPU
		{68423E29-EEF2-4F51-A2AF-408729702A4B}.Release|Any CPU.Build.0 = Release|Any CPU
		{74C2A2D8-7FDD-4856-8FF5-6FE779800BC4}.Debug|Any CPU.ActiveCfg = Debug|Any CPU
		{74C2A2D8-7FDD-4856-8FF5-6FE779800BC4}.Debug|Any CPU.Build.0 = Debug|Any CPU
		{74C2A2D8-7FDD-4856-8FF5-6FE779800BC4}.Release|Any CPU.ActiveCfg = Release|Any CPU
		{74C2A2D8-7FDD-4856-8FF5-6FE779800BC4}.Release|Any CPU.Build.0 = Release|Any CPU
		{861892DD-8B2F-49FA-839D-B08D7386C44B}.Debug|Any CPU.ActiveCfg = Debug|Any CPU
		{861892DD-8B2F-49FA-839D-B08D7386C44B}.Debug|Any CPU.Build.0 = Debug|Any CPU
		{861892DD-8B2F-49FA-839D-B08D7386C44B}.Release|Any CPU.ActiveCfg = Release|Any CPU
		{861892DD-8B2F-49FA-839D-B08D7386C44B}.Release|Any CPU.Build.0 = Release|Any CPU
	EndGlobalSection
	GlobalSection(SolutionProperties) = preSolution
		HideSolutionNode = FALSE
	EndGlobalSection
	GlobalSection(ExtensibilityGlobals) = postSolution
		SolutionGuid = {24AEFDE6-C76F-4E70-A107-752B972F3642}
	EndGlobalSection
EndGlobal
